
Microsoft Visual Studio Solution File, Format Version 12.00
# Visual Studio Version 16
VisualStudioVersion = 16.0.29728.190
MinimumVisualStudioVersion = 10.0.40219.1
Project("{FAE04EC0-301F-11D3-BF4B-00C04F79EFBC}") = "pM.Android", "pM.Android\pM.Android.csproj", "{E741EA2A-F465-470F-8C26-15FF7A98C7A6}"
EndProject
Project("{FAE04EC0-301F-11D3-BF4B-00C04F79EFBC}") = "pM.iOS", "pM.iOS\pM.iOS.csproj", "{B127BDAE-48F6-4A3B-8BC6-BA35AFACB503}"
EndProject
Project("{FAE04EC0-301F-11D3-BF4B-00C04F79EFBC}") = "pM", "pM\pM.csproj", "{8481A312-E6D2-4911-BC3C-862FAFEDD2D7}"
EndProject
Global
	GlobalSection(SolutionConfigurationPlatforms) = preSolution
		Debug|Any CPU = Debug|Any CPU
		Debug|iPhone = Debug|iPhone
		Debug|iPhoneSimulator = Debug|iPhoneSimulator
		Release|Any CPU = Release|Any CPU
		Release|iPhone = Release|iPhone
		Release|iPhoneSimulator = Release|iPhoneSimulator
	EndGlobalSection
	GlobalSection(ProjectConfigurationPlatforms) = postSolution
		{E741EA2A-F465-470F-8C26-15FF7A98C7A6}.Debug|Any CPU.ActiveCfg = Debug|Any CPU
		{E741EA2A-F465-470F-8C26-15FF7A98C7A6}.Debug|Any CPU.Build.0 = Debug|Any CPU
		{E741EA2A-F465-470F-8C26-15FF7A98C7A6}.Debug|Any CPU.Deploy.0 = Debug|Any CPU
		{E741EA2A-F465-470F-8C26-15FF7A98C7A6}.Debug|iPhone.ActiveCfg = Debug|Any CPU
		{E741EA2A-F465-470F-8C26-15FF7A98C7A6}.Debug|iPhone.Build.0 = Debug|Any CPU
		{E741EA2A-F465-470F-8C26-15FF7A98C7A6}.Debug|iPhone.Deploy.0 = Debug|Any CPU
		{E741EA2A-F465-470F-8C26-15FF7A98C7A6}.Debug|iPhoneSimulator.ActiveCfg = Debug|Any CPU
		{E741EA2A-F465-470F-8C26-15FF7A98C7A6}.Debug|iPhoneSimulator.Build.0 = Debug|Any CPU
		{E741EA2A-F465-470F-8C26-15FF7A98C7A6}.Debug|iPhoneSimulator.Deploy.0 = Debug|Any CPU
		{E741EA2A-F465-470F-8C26-15FF7A98C7A6}.Release|Any CPU.ActiveCfg = Release|Any CPU
		{E741EA2A-F465-470F-8C26-15FF7A98C7A6}.Release|Any CPU.Build.0 = Release|Any CPU
		{E741EA2A-F465-470F-8C26-15FF7A98C7A6}.Release|Any CPU.Deploy.0 = Release|Any CPU
		{E741EA2A-F465-470F-8C26-15FF7A98C7A6}.Release|iPhone.ActiveCfg = Release|Any CPU
		{E741EA2A-F465-470F-8C26-15FF7A98C7A6}.Release|iPhone.Build.0 = Release|Any CPU
		{E741EA2A-F465-470F-8C26-15FF7A98C7A6}.Release|iPhone.Deploy.0 = Release|Any CPU
		{E741EA2A-F465-470F-8C26-15FF7A98C7A6}.Release|iPhoneSimulator.ActiveCfg = Release|Any CPU
		{E741EA2A-F465-470F-8C26-15FF7A98C7A6}.Release|iPhoneSimulator.Build.0 = Release|Any CPU
		{E741EA2A-F465-470F-8C26-15FF7A98C7A6}.Release|iPhoneSimulator.Deploy.0 = Release|Any CPU
		{B127BDAE-48F6-4A3B-8BC6-BA35AFACB503}.Debug|Any CPU.ActiveCfg = Debug|iPhoneSimulator
		{B127BDAE-48F6-4A3B-8BC6-BA35AFACB503}.Debug|Any CPU.Build.0 = Debug|iPhoneSimulator
		{B127BDAE-48F6-4A3B-8BC6-BA35AFACB503}.Debug|Any CPU.Deploy.0 = Debug|iPhoneSimulator
		{B127BDAE-48F6-4A3B-8BC6-BA35AFACB503}.Debug|iPhone.ActiveCfg = Debug|iPhone
		{B127BDAE-48F6-4A3B-8BC6-BA35AFACB503}.Debug|iPhone.Build.0 = Debug|iPhone
		{B127BDAE-48F6-4A3B-8BC6-BA35AFACB503}.Debug|iPhone.Deploy.0 = Debug|iPhone
		{B127BDAE-48F6-4A3B-8BC6-BA35AFACB503}.Debug|iPhoneSimulator.ActiveCfg = Debug|iPhoneSimulator
		{B127BDAE-48F6-4A3B-8BC6-BA35AFACB503}.Debug|iPhoneSimulator.Build.0 = Debug|iPhoneSimulator
		{B127BDAE-48F6-4A3B-8BC6-BA35AFACB503}.Debug|iPhoneSimulator.Deploy.0 = Debug|iPhoneSimulator
		{B127BDAE-48F6-4A3B-8BC6-BA35AFACB503}.Release|Any CPU.ActiveCfg = Release|iPhone
		{B127BDAE-48F6-4A3B-8BC6-BA35AFACB503}.Release|Any CPU.Build.0 = Release|iPhone
		{B127BDAE-48F6-4A3B-8BC6-BA35AFACB503}.Release|Any CPU.Deploy.0 = Release|iPhone
		{B127BDAE-48F6-4A3B-8BC6-BA35AFACB503}.Release|iPhone.ActiveCfg = Release|iPhone
		{B127BDAE-48F6-4A3B-8BC6-BA35AFACB503}.Release|iPhone.Build.0 = Release|iPhone
		{B127BDAE-48F6-4A3B-8BC6-BA35AFACB503}.Release|iPhone.Deploy.0 = Release|iPhone
		{B127BDAE-48F6-4A3B-8BC6-BA35AFACB503}.Release|iPhoneSimulator.ActiveCfg = Release|iPhoneSimulator
		{B127BDAE-48F6-4A3B-8BC6-BA35AFACB503}.Release|iPhoneSimulator.Build.0 = Release|iPhoneSimulator
		{B127BDAE-48F6-4A3B-8BC6-BA35AFACB503}.Release|iPhoneSimulator.Deploy.0 = Release|iPhoneSimulator
		{8481A312-E6D2-4911-BC3C-862FAFEDD2D7}.Debug|Any CPU.ActiveCfg = Debug|Any CPU
		{8481A312-E6D2-4911-BC3C-862FAFEDD2D7}.Debug|Any CPU.Build.0 = Debug|Any CPU
		{8481A312-E6D2-4911-BC3C-862FAFEDD2D7}.Debug|Any CPU.Deploy.0 = Debug|Any CPU
		{8481A312-E6D2-4911-BC3C-862FAFEDD2D7}.Debug|iPhone.ActiveCfg = Debug|Any CPU
		{8481A312-E6D2-4911-BC3C-862FAFEDD2D7}.Debug|iPhone.Build.0 = Debug|Any CPU
		{8481A312-E6D2-4911-BC3C-862FAFEDD2D7}.Debug|iPhone.Deploy.0 = Debug|Any CPU
		{8481A312-E6D2-4911-BC3C-862FAFEDD2D7}.Debug|iPhoneSimulator.ActiveCfg = Debug|Any CPU
		{8481A312-E6D2-4911-BC3C-862FAFEDD2D7}.Debug|iPhoneSimulator.Build.0 = Debug|Any CPU
		{8481A312-E6D2-4911-BC3C-862FAFEDD2D7}.Debug|iPhoneSimulator.Deploy.0 = Debug|Any CPU
		{8481A312-E6D2-4911-BC3C-862FAFEDD2D7}.Release|Any CPU.ActiveCfg = Release|Any CPU
		{8481A312-E6D2-4911-BC3C-862FAFEDD2D7}.Release|Any CPU.Build.0 = Release|Any CPU
		{8481A312-E6D2-4911-BC3C-862FAFEDD2D7}.Release|Any CPU.Deploy.0 = Release|Any CPU
		{8481A312-E6D2-4911-BC3C-862FAFEDD2D7}.Release|iPhone.ActiveCfg = Release|Any CPU
		{8481A312-E6D2-4911-BC3C-862FAFEDD2D7}.Release|iPhone.Build.0 = Release|Any CPU
		{8481A312-E6D2-4911-BC3C-862FAFEDD2D7}.Release|iPhone.Deploy.0 = Release|Any CPU
		{8481A312-E6D2-4911-BC3C-862FAFEDD2D7}.Release|iPhoneSimulator.ActiveCfg = Release|Any CPU
		{8481A312-E6D2-4911-BC3C-862FAFEDD2D7}.Release|iPhoneSimulator.Build.0 = Release|Any CPU
		{8481A312-E6D2-4911-BC3C-862FAFEDD2D7}.Release|iPhoneSimulator.Deploy.0 = Release|Any CPU
	EndGlobalSection
	GlobalSection(SolutionProperties) = preSolution
		HideSolutionNode = FALSE
	EndGlobalSection
	GlobalSection(ExtensibilityGlobals) = postSolution
		SolutionGuid = {98175463-5EC7-46D6-B50C-864697D4483C}
	EndGlobalSection
EndGlobal
